// !$*UTF8*$!
{
	archiveVersion = 1;
	classes = {
	};
	objectVersion = 50;
	objects = {

/* Begin PBXBuildFile section */
		14F1BC952427AEDA0022E507 /* AppDelegate.swift in Sources */ = {isa = PBXBuildFile; fileRef = 14F1BC942427AEDA0022E507 /* AppDelegate.swift */; };
		14F1BC972427AEDA0022E507 /* SceneDelegate.swift in Sources */ = {isa = PBXBuildFile; fileRef = 14F1BC962427AEDA0022E507 /* SceneDelegate.swift */; };
		14F1BC992427AEDA0022E507 /* ViewController.swift in Sources */ = {isa = PBXBuildFile; fileRef = 14F1BC982427AEDA0022E507 /* ViewController.swift */; };
		14F1BC9C2427AEDA0022E507 /* Main.storyboard in Resources */ = {isa = PBXBuildFile; fileRef = 14F1BC9A2427AEDA0022E507 /* Main.storyboard */; };
		14F1BC9E2427AEDE0022E507 /* Assets.xcassets in Resources */ = {isa = PBXBuildFile; fileRef = 14F1BC9D2427AEDE0022E507 /* Assets.xcassets */; };
		14F1BCA12427AEDE0022E507 /* LaunchScreen.storyboard in Resources */ = {isa = PBXBuildFile; fileRef = 14F1BC9F2427AEDE0022E507 /* LaunchScreen.storyboard */; };
		14F1BCAB2427AF3C0022E507 /* logo.png in Resources */ = {isa = PBXBuildFile; fileRef = 14F1BCA82427AF3C0022E507 /* logo.png */; };
		14F1BCAC2427AF3C0022E507 /* botaogerar-pressionado.png in Resources */ = {isa = PBXBuildFile; fileRef = 14F1BCA92427AF3C0022E507 /* botaogerar-pressionado.png */; };
		14F1BCAD2427AF3C0022E507 /* botaogerar.png in Resources */ = {isa = PBXBuildFile; fileRef = 14F1BCAA2427AF3C0022E507 /* botaogerar.png */; };
/* End PBXBuildFile section */

/* Begin PBXFileReference section */
		14F1BC912427AEDA0022E507 /* Gerador numero.app */ = {isa = PBXFileReference; explicitFileType = wrapper.application; includeInIndex = 0; path = "Gerador numero.app"; sourceTree = BUILT_PRODUCTS_DIR; };
		14F1BC942427AEDA0022E507 /* AppDelegate.swift */ = {isa = PBXFileReference; lastKnownFileType = sourcecode.swift; path = AppDelegate.swift; sourceTree = "<group>"; };
		14F1BC962427AEDA0022E507 /* SceneDelegate.swift */ = {isa = PBXFileReference; lastKnownFileType = sourcecode.swift; path = SceneDelegate.swift; sourceTree = "<group>"; };
		14F1BC982427AEDA0022E507 /* ViewController.swift */ = {isa = PBXFileReference; lastKnownFileType = sourcecode.swift; path = ViewController.swift; sourceTree = "<group>"; };
		14F1BC9B2427AEDA0022E507 /* Base */ = {isa = PBXFileReference; lastKnownFileType = file.storyboard; name = Base; path = Base.lproj/Main.storyboard; sourceTree = "<group>"; };
		14F1BC9D2427AEDE0022E507 /* Assets.xcassets */ = {isa = PBXFileReference; lastKnownFileType = folder.assetcatalog; path = Assets.xcassets; sourceTree = "<group>"; };
		14F1BCA02427AEDE0022E507 /* Base */ = {isa = PBXFileReference; lastKnownFileType = file.storyboard; name = Base; path = Base.lproj/LaunchScreen.storyboard; sourceTree = "<group>"; };
		14F1BCA22427AEDE0022E507 /* Info.plist */ = {isa = PBXFileReference; lastKnownFileType = text.plist.xml; path = Info.plist; sourceTree = "<group>"; };
		14F1BCA82427AF3C0022E507 /* logo.png */ = {isa = PBXFileReference; lastKnownFileType = image.png; path = logo.png; sourceTree = "<group>"; };
		14F1BCA92427AF3C0022E507 /* botaogerar-pressionado.png */ = {isa = PBXFileReference; lastKnownFileType = image.png; path = "botaogerar-pressionado.png"; sourceTree = "<group>"; };
		14F1BCAA2427AF3C0022E507 /* botaogerar.png */ = {isa = PBXFileReference; lastKnownFileType = image.png; path = botaogerar.png; sourceTree = "<group>"; };
/* End PBXFileReference section */

/* Begin PBXFrameworksBuildPhase section */
		14F1BC8E2427AEDA0022E507 /* Frameworks */ = {
			isa = PBXFrameworksBuildPhase;
			buildActionMask = 2147483647;
			files = (
			);
			runOnlyForDeploymentPostprocessing = 0;
		};
/* End PBXFrameworksBuildPhase section */

/* Begin PBXGroup section */
		14F1BC882427AEDA0022E507 = {
			isa = PBXGroup;
			children = (
				14F1BC932427AEDA0022E507 /* Gerador numero */,
				14F1BC922427AEDA0022E507 /* Products */,
			);
			sourceTree = "<group>";
		};
		14F1BC922427AEDA0022E507 /* Products */ = {
			isa = PBXGroup;
			children = (
				14F1BC912427AEDA0022E507 /* Gerador numero.app */,
			);
			name = Products;
			sourceTree = "<group>";
		};
		14F1BC932427AEDA0022E507 /* Gerador numero */ = {
			isa = PBXGroup;
			children = (
				14F1BCA92427AF3C0022E507 /* botaogerar-pressionado.png */,
				14F1BCAA2427AF3C0022E507 /* botaogerar.png */,
				14F1BCA82427AF3C0022E507 /* logo.png */,
				14F1BC942427AEDA0022E507 /* AppDelegate.swift */,
				14F1BC962427AEDA0022E507 /* SceneDelegate.swift */,
				14F1BC982427AEDA0022E507 /* ViewController.swift */,
				14F1BC9A2427AEDA0022E507 /* Main.storyboard */,
				14F1BC9D2427AEDE0022E507 /* Assets.xcassets */,
				14F1BC9F2427AEDE0022E507 /* LaunchScreen.storyboard */,
				14F1BCA22427AEDE0022E507 /* Info.plist */,
			);
			path = "Gerador numero";
			sourceTree = "<group>";
		};
/* End PBXGroup section */

/* Begin PBXNativeTarget section */
		14F1BC902427AEDA0022E507 /* Gerador numero */ = {
			isa = PBXNativeTarget;
			buildConfigurationList = 14F1BCA52427AEDE0022E507 /* Build configuration list for PBXNativeTarget "Gerador numero" */;
			buildPhases = (
				14F1BC8D2427AEDA0022E507 /* Sources */,
				14F1BC8E2427AEDA0022E507 /* Frameworks */,
				14F1BC8F2427AEDA0022E507 /* Resources */,
			);
			buildRules = (
			);
			dependencies = (
			);
			name = "Gerador numero";
			productName = "Gerador numero";
			productReference = 14F1BC912427AEDA0022E507 /* Gerador numero.app */;
			productType = "com.apple.product-type.application";
		};
/* End PBXNativeTarget section */

/* Begin PBXProject section */
		14F1BC892427AEDA0022E507 /* Project object */ = {
			isa = PBXProject;
			attributes = {
				LastSwiftUpdateCheck = 1130;
				LastUpgradeCheck = 1130;
				ORGANIZATIONNAME = "GSW Mobile Team";
				TargetAttributes = {
					14F1BC902427AEDA0022E507 = {
						CreatedOnToolsVersion = 11.3.1;
					};
				};
			};
			buildConfigurationList = 14F1BC8C2427AEDA0022E507 /* Build configuration list for PBXProject "Gerador numero" */;
			compatibilityVersion = "Xcode 9.3";
			developmentRegion = en;
			hasScannedForEncodings = 0;
			knownRegions = (
				en,
				Base,
			);
			mainGroup = 14F1BC882427AEDA0022E507;
			productRefGroup = 14F1BC922427AEDA0022E507 /* Products */;
			projectDirPath = "";
			projectRoot = "";
			targets = (
				14F1BC902427AEDA0022E507 /* Gerador numero */,
			);
		};
/* End PBXProject section */

/* Begin PBXResourcesBuildPhase section */
		14F1BC8F2427AEDA0022E507 /* Resources */ = {
			isa = PBXResourcesBuildPhase;
			buildActionMask = 2147483647;
			files = (
				14F1BCAB2427AF3C0022E507 /* logo.png in Resources */,
				14F1BCAD2427AF3C0022E507 /* botaogerar.png in Resources */,
				14F1BCA12427AEDE0022E507 /* LaunchScreen.storyboard in Resources */,
				14F1BC9E2427AEDE0022E507 /* Assets.xcassets in Resources */,
				14F1BC9C2427AEDA0022E507 /* Main.storyboard in Resources */,
				14F1BCAC2427AF3C0022E507 /* botaogerar-pressionado.png in Resources */,
			);
			runOnlyForDeploymentPostprocessing = 0;
		};
/* End PBXResourcesBuildPhase section */

/* Begin PBXSourcesBuildPhase section */
		14F1BC8D2427AEDA0022E507 /* Sources */ = {
			isa = PBXSourcesBuildPhase;
			buildActionMask = 2147483647;
			files = (
				14F1BC992427AEDA0022E507 /* ViewController.swift in Sources */,
				14F1BC952427AEDA0022E507 /* AppDelegate.swift in Sources */,
				14F1BC972427AEDA0022E507 /* SceneDelegate.swift in Sources */,
			);
			runOnlyForDeploymentPostprocessing = 0;
		};
/* End PBXSourcesBuildPhase section */

/* Begin PBXVariantGroup section */
		14F1BC9A2427AEDA0022E507 /* Main.storyboard */ = {
			isa = PBXVariantGroup;
			children = (
				14F1BC9B2427AEDA0022E507 /* Base */,
			);
			name = Main.storyboard;
			sourceTree = "<group>";
		};
		14F1BC9F2427AEDE0022E507 /* LaunchScreen.storyboard */ = {
			isa = PBXVariantGroup;
			children = (
				14F1BCA02427AEDE0022E507 /* Base */,
			);
			name = LaunchScreen.storyboard;
			sourceTree = "<group>";
		};
/* End PBXVariantGroup section */

/* Begin XCBuildConfiguration section */
		14F1BCA32427AEDE0022E507 /* Debug */ = {
			isa = XCBuildConfiguration;
			buildSettings = {
				ALWAYS_SEARCH_USER_PATHS = NO;
				CLANG_ANALYZER_NONNULL = YES;
				CLANG_ANALYZER_NUMBER_OBJECT_CONVERSION = YES_AGGRESSIVE;
				CLANG_CXX_LANGUAGE_STANDARD = "gnu++14";
				CLANG_CXX_LIBRARY = "libc++";
				CLANG_ENABLE_MODULES = YES;
				CLANG_ENABLE_OBJC_ARC = YES;
				CLANG_ENABLE_OBJC_WEAK = YES;
				CLANG_WARN_BLOCK_CAPTURE_AUTORELEASING = YES;
				CLANG_WARN_BOOL_CONVERSION = YES;
				CLANG_WARN_COMMA = YES;
				CLANG_WARN_CONSTANT_CONVERSION = YES;
				CLANG_WARN_DEPRECATED_OBJC_IMPLEMENTATIONS = YES;
				CLANG_WARN_DIRECT_OBJC_ISA_USAGE = YES_ERROR;
				CLANG_WARN_DOCUMENTATION_COMMENTS = YES;
				CLANG_WARN_EMPTY_BODY = YES;
				CLANG_WARN_ENUM_CONVERSION = YES;
				CLANG_WARN_INFINITE_RECURSION = YES;
				CLANG_WARN_INT_CONVERSION = YES;
				CLANG_WARN_NON_LITERAL_NULL_CONVERSION = YES;
				CLANG_WARN_OBJC_IMPLICIT_RETAIN_SELF = YES;
				CLANG_WARN_OBJC_LITERAL_CONVERSION = YES;
				CLANG_WARN_OBJC_ROOT_CLASS = YES_ERROR;
				CLANG_WARN_RANGE_LOOP_ANALYSIS = YES;
				CLANG_WARN_STRICT_PROTOTYPES = YES;
				CLANG_WARN_SUSPICIOUS_MOVE = YES;
				CLANG_WARN_UNGUARDED_AVAILABILITY = YES_AGGRESSIVE;
				CLANG_WARN_UNREACHABLE_CODE = YES;
				CLANG_WARN__DUPLICATE_METHOD_MATCH = YES;
				COPY_PHASE_STRIP = NO;
				DEBUG_INFORMATION_FORMAT = dwarf;
				ENABLE_STRICT_OBJC_MSGSEND = YES;
				ENABLE_TESTABILITY = YES;
				GCC_C_LANGUAGE_STANDARD = gnu11;
				GCC_DYNAMIC_NO_PIC = NO;
				GCC_NO_COMMON_BLOCKS = YES;
				GCC_OPTIMIZATION_LEVEL = 0;
				GCC_PREPROCESSOR_DEFINITIONS = (
					"DEBUG=1",
					"$(inherited)",
				);
				GCC_WARN_64_TO_32_BIT_CONVERSION = YES;
				GCC_WARN_ABOUT_RETURN_TYPE = YES_ERROR;
				GCC_WARN_UNDECLARED_SELECTOR = YES;
				GCC_WARN_UNINITIALIZED_AUTOS = YES_AGGRESSIVE;
				GCC_WARN_UNUSED_FUNCTION = YES;
				GCC_WARN_UNUSED_VARIABLE = YES;
				IPHONEOS_DEPLOYMENT_TARGET = 13.2;
				MTL_ENABLE_DEBUG_INFO = INCLUDE_SOURCE;
				MTL_FAST_MATH = YES;
				ONLY_ACTIVE_ARCH = YES;
				SDKROOT = iphoneos;
				SWIFT_ACTIVE_COMPILATION_CONDITIONS = DEBUG;
				SWIFT_OPTIMIZATION_LEVEL = "-Onone";
			};
			name = Debug;
		};
		14F1BCA42427AEDE0022E507 /* Release */ = {
			isa = XCBuildConfiguration;
			buildSettings = {
				ALWAYS_SEARCH_USER_PATHS = NO;
				CLANG_ANALYZER_NONNULL = YES;
				CLANG_ANALYZER_NUMBER_OBJECT_CONVERSION = YES_AGGRESSIVE;
				CLANG_CXX_LANGUAGE_STANDARD = "gnu++14";
				CLANG_CXX_LIBRARY = "libc++";
				CLANG_ENABLE_MODULES = YES;
				CLANG_ENABLE_OBJC_ARC = YES;
				CLANG_ENABLE_OBJC_WEAK = YES;
				CLANG_WARN_BLOCK_CAPTURE_AUTORELEASING = YES;
				CLANG_WARN_BOOL_CONVERSION = YES;
				CLANG_WARN_COMMA = YES;
				CLANG_WARN_CONSTANT_CONVERSION = YES;
				CLANG_WARN_DEPRECATED_OBJC_IMPLEMENTATIONS = YES;
				CLANG_WARN_DIRECT_OBJC_ISA_USAGE = YES_ERROR;
				CLANG_WARN_DOCUMENTATION_COMMENTS = YES;
				CLANG_WARN_EMPTY_BODY = YES;
				CLANG_WARN_ENUM_CONVERSION = YES;
				CLANG_WARN_INFINITE_RECURSION = YES;
				CLANG_WARN_INT_CONVERSION = YES;
				CLANG_WARN_NON_LITERAL_NULL_CONVERSION = YES;
				CLANG_WARN_OBJC_IMPLICIT_RETAIN_SELF = YES;
				CLANG_WARN_OBJC_LITERAL_CONVERSION = YES;
				CLANG_WARN_OBJC_ROOT_CLASS = YES_ERROR;
				CLANG_WARN_RANGE_LOOP_ANALYSIS = YES;
				CLANG_WARN_STRICT_PROTOTYPES = YES;
				CLANG_WARN_SUSPICIOUS_MOVE = YES;
				CLANG_WARN_UNGUARDED_AVAILABILITY = YES_AGGRESSIVE;
				CLANG_WARN_UNREACHABLE_CODE = YES;
				CLANG_WARN__DUPLICATE_METHOD_MATCH = YES;
				COPY_PHASE_STRIP = NO;
				DEBUG_INFORMATION_FORMAT = "dwarf-with-dsym";
				ENABLE_NS_ASSERTIONS = NO;
				ENABLE_STRICT_OBJC_MSGSEND = YES;
				GCC_C_LANGUAGE_STANDARD = gnu11;
				GCC_NO_COMMON_BLOCKS = YES;
				GCC_WARN_64_TO_32_BIT_CONVERSION = YES;
				GCC_WARN_ABOUT_RETURN_TYPE = YES_ERROR;
				GCC_WARN_UNDECLARED_SELECTOR = YES;
				GCC_WARN_UNINITIALIZED_AUTOS = YES_AGGRESSIVE;
				GCC_WARN_UNUSED_FUNCTION = YES;
				GCC_WARN_UNUSED_VARIABLE = YES;
				IPHONEOS_DEPLOYMENT_TARGET = 13.2;
				MTL_ENABLE_DEBUG_INFO = NO;
				MTL_FAST_MATH = YES;
				SDKROOT = iphoneos;
				SWIFT_COMPILATION_MODE = wholemodule;
				SWIFT_OPTIMIZATION_LEVEL = "-O";
				VALIDATE_PRODUCT = YES;
			};
			name = Release;
		};
		14F1BCA62427AEDE0022E507 /* Debug */ = {
			isa = XCBuildConfiguration;
			buildSettings = {
				ASSETCATALOG_COMPILER_APPICON_NAME = AppIcon;
				CODE_SIGN_STYLE = Automatic;
				INFOPLIST_FILE = "Gerador numero/Info.plist";
				LD_RUNPATH_SEARCH_PATHS = (
					"$(inherited)",
					"@executable_path/Frameworks",
				);
				PRODUCT_BUNDLE_IDENTIFIER = "br.com.gsw.Gerador-numero";
				PRODUCT_NAME = "$(TARGET_NAME)";
				SWIFT_VERSION = 5.0;
				TARGETED_DEVICE_FAMILY = "1,2";
			};
			name = Debug;
		};
		14F1BCA72427AEDE0022E507 /* Release */ = {
			isa = XCBuildConfiguration;
			buildSettings = {
				ASSETCATALOG_COMPILER_APPICON_NAME = AppIcon;
				CODE_SIGN_STYLE = Automatic;
				INFOPLIST_FILE = "Gerador numero/Info.plist";
				LD_RUNPATH_SEARCH_PATHS = (
					"$(inherited)",
					"@executable_path/Frameworks",
				);
				PRODUCT_BUNDLE_IDENTIFIER = "br.com.gsw.Gerador-numero";
				PRODUCT_NAME = "$(TARGET_NAME)";
				SWIFT_VERSION = 5.0;
				TARGETED_DEVICE_FAMILY = "1,2";
			};
			name = Release;
		};
/* End XCBuildConfiguration section */

/* Begin XCConfigurationList section */
		14F1BC8C2427AEDA0022E507 /* Build configuration list for PBXProject "Gerador numero" */ = {
			isa = XCConfigurationList;
			buildConfigurations = (
				14F1BCA32427AEDE0022E507 /* Debug */,
				14F1BCA42427AEDE0022E507 /* Release */,
			);
			defaultConfigurationIsVisible = 0;
			defaultConfigurationName = Release;
		};
		14F1BCA52427AEDE0022E507 /* Build configuration list for PBXNativeTarget "Gerador numero" */ = {
			isa = XCConfigurationList;
			buildConfigurations = (
				14F1BCA62427AEDE0022E507 /* Debug */,
				14F1BCA72427AEDE0022E507 /* Release */,
			);
			defaultConfigurationIsVisible = 0;
			defaultConfigurationName = Release;
		};
/* End XCConfigurationList section */
	};
	rootObject = 14F1BC892427AEDA0022E507 /* Project object */;
}
